
Microsoft Visual Studio Solution File, Format Version 12.00
# Visual Studio Version 17
VisualStudioVersion = 17.13.35825.156 d17.13
MinimumVisualStudioVersion = 10.0.40219.1
Project("{FAE04EC0-301F-11D3-BF4B-00C04F79EFBC}") = "drugPaIn", "drugPaIn.csproj", "{AD362B5B-84CD-4845-889C-B000D2E0B783}"
EndProject
Global
	GlobalSection(SolutionConfigurationPlatforms) = preSolution
		Debug|Any CPU = Debug|Any CPU
		Release|Any CPU = Release|Any CPU
	EndGlobalSection
	GlobalSection(ProjectConfigurationPlatforms) = postSolution
		{AD362B5B-84CD-4845-889C-B000D2E0B783}.Debug|Any CPU.ActiveCfg = Debug|Any CPU
		{AD362B5B-84CD-4845-889C-B000D2E0B783}.Debug|Any CPU.Build.0 = Debug|Any CPU
		{AD362B5B-84CD-4845-889C-B000D2E0B783}.Release|Any CPU.ActiveCfg = Release|Any CPU
		{AD362B5B-84CD-4845-889C-B000D2E0B783}.Release|Any CPU.Build.0 = Release|Any CPU
	EndGlobalSection
	GlobalSection(SolutionProperties) = preSolution
		HideSolutionNode = FALSE
	EndGlobalSection
	GlobalSection(ExtensibilityGlobals) = postSolution
		SolutionGuid = {083D4BA0-D6D9-4B56-8244-77E8AF3A2609}
	EndGlobalSection
EndGlobal
